{
    "_readme": [
        "This file locks the dependencies of your project to a known state",
        "Read more about it at https://getcomposer.org/doc/01-basic-usage.md#installing-dependencies",
        "This file is @generated automatically"
    ],
    "content-hash": "58858a03dcda8769aa7e33e11b30579f",
    "packages": [
        {
            "name": "dashifen/exception",
            "version": "1.2.0",
            "source": {
                "type": "git",
                "url": "https://github.com/dashifen/exception.git",
                "reference": "e795e1d973e9f781eb3a8371b6299c852eef9bc1"
            },
            "dist": {
                "type": "zip",
                "url": "https://api.github.com/repos/dashifen/exception/zipball/e795e1d973e9f781eb3a8371b6299c852eef9bc1",
                "reference": "e795e1d973e9f781eb3a8371b6299c852eef9bc1",
                "shasum": ""
            },
            "require": {
                "php": ">=7.3"
            },
            "type": "library",
            "autoload": {
                "psr-4": {
                    "Dashifen\\Exception\\": "src/"
                }
            },
            "notification-url": "https://packagist.org/downloads/",
            "license": [
                "MIT"
            ],
            "authors": [
                {
                    "name": "David Dashifen Kees",
                    "email": "dashifen@dashifen.com",
                    "homepage": "https://dashifen.com",
                    "role": "developer"
                }
            ],
            "description": "a base class for exceptions in Dashifen's other work",
            "support": {
                "issues": "https://github.com/dashifen/exception/issues",
                "source": "https://github.com/dashifen/exception/tree/1.2.0"
            },
            "time": "2019-12-12T14:26:49+00:00"
        },
        {
            "name": "fileeye/mimemap",
            "version": "1.1.5",
            "source": {
                "type": "git",
                "url": "https://github.com/FileEye/MimeMap.git",
                "reference": "9efaad84adce38f2ee49331b2bd684c83fd9aa3b"
            },
            "dist": {
                "type": "zip",
                "url": "https://api.github.com/repos/FileEye/MimeMap/zipball/9efaad84adce38f2ee49331b2bd684c83fd9aa3b",
                "reference": "9efaad84adce38f2ee49331b2bd684c83fd9aa3b",
                "shasum": ""
            },
            "require": {
                "php": ">=5.4"
            },
            "require-dev": {
                "phpunit/phpunit": "<10",
                "sebastian/comparator": "*",
                "sebastian/diff": "*",
                "squizlabs/php_codesniffer": "*",
                "symfony/console": "*",
                "symfony/filesystem": "*",
                "symfony/var-dumper": "*",
                "symfony/yaml": "*"
            },
            "bin": [
                "bin/fileeye-mimemap"
            ],
            "type": "library",
            "extra": {
                "branch-alias": {
                    "dev-master": "1.x-dev"
                }
            },
            "autoload": {
                "psr-4": {
                    "FileEye\\MimeMap\\": "src/"
                }
            },
            "notification-url": "https://packagist.org/downloads/",
            "license": [
                "LGPL-3.0-or-later"
            ],
            "description": "A PHP library to handle MIME Content-Type fields and their related file extensions.",
            "homepage": "https://github.com/FileEye/MimeMap",
            "keywords": [
                "mime",
                "mime-database",
                "mime-parser",
                "mime-type"
            ],
            "support": {
                "issues": "https://github.com/FileEye/MimeMap/issues",
                "source": "https://github.com/FileEye/MimeMap/tree/1.1.5"
            },
            "time": "2021-04-02T20:21:45+00:00"
        }
    ],
    "packages-dev": [],
    "aliases": [],
    "minimum-stability": "stable",
    "stability-flags": [],
    "prefer-stable": false,
    "prefer-lowest": false,
    "platform": {
        "php": ">=7.3",
        "ext-fileinfo": "*"
    },
    "platform-dev": [],
    "plugin-api-version": "2.1.0"
}
